
Microsoft Visual Studio Solution File, Format Version 12.00
# Visual Studio 15
VisualStudioVersion = 15.0.27703.2000
MinimumVisualStudioVersion = 10.0.40219.1
Project("{FAE04EC0-301F-11D3-BF4B-00C04F79EFBC}") = "PackageManager.UI", "src\PackageManager.UI\PackageManager.UI.csproj", "{6F4FA02A-B061-4607-925E-27B122DE60BC}"
EndProject
Project("{FAE04EC0-301F-11D3-BF4B-00C04F79EFBC}") = "PackageManager", "src\PackageManager\PackageManager.csproj", "{3B5E3720-B3CB-4A12-B2D4-6BCB6BE78FF1}"
EndProject
Project("{FAE04EC0-301F-11D3-BF4B-00C04F79EFBC}") = "PackageManager.NuGet", "src\PackageManager.NuGet\PackageManager.NuGet.csproj", "{B302D166-37CE-439D-8AE1-0CCB80BAD332}"
EndProject
Global
	GlobalSection(SolutionConfigurationPlatforms) = preSolution
		Debug|Any CPU = Debug|Any CPU
		Release|Any CPU = Release|Any CPU
	EndGlobalSection
	GlobalSection(ProjectConfigurationPlatforms) = postSolution
		{6F4FA02A-B061-4607-925E-27B122DE60BC}.Debug|Any CPU.ActiveCfg = Debug|Any CPU
		{6F4FA02A-B061-4607-925E-27B122DE60BC}.Debug|Any CPU.Build.0 = Debug|Any CPU
		{6F4FA02A-B061-4607-925E-27B122DE60BC}.Release|Any CPU.ActiveCfg = Release|Any CPU
		{6F4FA02A-B061-4607-925E-27B122DE60BC}.Release|Any CPU.Build.0 = Release|Any CPU
		{3B5E3720-B3CB-4A12-B2D4-6BCB6BE78FF1}.Debug|Any CPU.ActiveCfg = Debug|Any CPU
		{3B5E3720-B3CB-4A12-B2D4-6BCB6BE78FF1}.Debug|Any CPU.Build.0 = Debug|Any CPU
		{3B5E3720-B3CB-4A12-B2D4-6BCB6BE78FF1}.Release|Any CPU.ActiveCfg = Release|Any CPU
		{3B5E3720-B3CB-4A12-B2D4-6BCB6BE78FF1}.Release|Any CPU.Build.0 = Release|Any CPU
		{B302D166-37CE-439D-8AE1-0CCB80BAD332}.Debug|Any CPU.ActiveCfg = Debug|Any CPU
		{B302D166-37CE-439D-8AE1-0CCB80BAD332}.Debug|Any CPU.Build.0 = Debug|Any CPU
		{B302D166-37CE-439D-8AE1-0CCB80BAD332}.Release|Any CPU.ActiveCfg = Release|Any CPU
		{B302D166-37CE-439D-8AE1-0CCB80BAD332}.Release|Any CPU.Build.0 = Release|Any CPU
	EndGlobalSection
	GlobalSection(SolutionProperties) = preSolution
		HideSolutionNode = FALSE
	EndGlobalSection
	GlobalSection(ExtensibilityGlobals) = postSolution
		SolutionGuid = {B0C0D2AD-4006-495A-82B5-46B74FC2DB24}
	EndGlobalSection
EndGlobal
