
Microsoft Visual Studio Solution File, Format Version 12.00
# Visual Studio Version 16
VisualStudioVersion = 16.0.28922.388
MinimumVisualStudioVersion = 10.0.40219.1
Project("{9A19103F-16F7-4668-BE54-9A1E7A4F7556}") = "PackageManager.UI", "src\PackageManager.UI\PackageManager.UI.csproj", "{6F4FA02A-B061-4607-925E-27B122DE60BC}"
EndProject
Project("{9A19103F-16F7-4668-BE54-9A1E7A4F7556}") = "PackageManager", "src\PackageManager\PackageManager.csproj", "{3B5E3720-B3CB-4A12-B2D4-6BCB6BE78FF1}"
EndProject
Project("{9A19103F-16F7-4668-BE54-9A1E7A4F7556}") = "PackageManager.NuGet", "src\PackageManager.NuGet\PackageManager.NuGet.csproj", "{B302D166-37CE-439D-8AE1-0CCB80BAD332}"
EndProject
Project("{9A19103F-16F7-4668-BE54-9A1E7A4F7556}") = "PackageManager.Tests", "test\PackageManager.Tests\PackageManager.Tests.csproj", "{72134702-9CC0-408F-9E07-B4D59C9D7E43}"
EndProject
Project("{9A19103F-16F7-4668-BE54-9A1E7A4F7556}") = "PackageManager.Cli", "src\PackageManager.Cli\PackageManager.Cli.csproj", "{E7AD4376-D8B1-469D-A2E3-38059A5EB152}"
EndProject
Project("{9A19103F-16F7-4668-BE54-9A1E7A4F7556}") = "PackageManager.NuGet.Tests", "test\PackageManager.NuGet.Tests\PackageManager.NuGet.Tests.csproj", "{7EE3B4B1-0BAA-4EB3-BBCB-30BEA09019A3}"
EndProject
Project("{2150E333-8FDC-42A3-9474-1A3956D46DE8}") = "Tests", "Tests", "{7184D694-3B8B-4C4D-BD6E-7EBF73AB9CCA}"
EndProject
Global
	GlobalSection(SolutionConfigurationPlatforms) = preSolution
		Debug|Any CPU = Debug|Any CPU
		Release|Any CPU = Release|Any CPU
	EndGlobalSection
	GlobalSection(ProjectConfigurationPlatforms) = postSolution
		{6F4FA02A-B061-4607-925E-27B122DE60BC}.Debug|Any CPU.ActiveCfg = Debug|Any CPU
		{6F4FA02A-B061-4607-925E-27B122DE60BC}.Debug|Any CPU.Build.0 = Debug|Any CPU
		{6F4FA02A-B061-4607-925E-27B122DE60BC}.Release|Any CPU.ActiveCfg = Release|Any CPU
		{6F4FA02A-B061-4607-925E-27B122DE60BC}.Release|Any CPU.Build.0 = Release|Any CPU
		{3B5E3720-B3CB-4A12-B2D4-6BCB6BE78FF1}.Debug|Any CPU.ActiveCfg = Debug|Any CPU
		{3B5E3720-B3CB-4A12-B2D4-6BCB6BE78FF1}.Debug|Any CPU.Build.0 = Debug|Any CPU
		{3B5E3720-B3CB-4A12-B2D4-6BCB6BE78FF1}.Release|Any CPU.ActiveCfg = Release|Any CPU
		{3B5E3720-B3CB-4A12-B2D4-6BCB6BE78FF1}.Release|Any CPU.Build.0 = Release|Any CPU
		{B302D166-37CE-439D-8AE1-0CCB80BAD332}.Debug|Any CPU.ActiveCfg = Debug|Any CPU
		{B302D166-37CE-439D-8AE1-0CCB80BAD332}.Debug|Any CPU.Build.0 = Debug|Any CPU
		{B302D166-37CE-439D-8AE1-0CCB80BAD332}.Release|Any CPU.ActiveCfg = Release|Any CPU
		{B302D166-37CE-439D-8AE1-0CCB80BAD332}.Release|Any CPU.Build.0 = Release|Any CPU
		{72134702-9CC0-408F-9E07-B4D59C9D7E43}.Debug|Any CPU.ActiveCfg = Debug|Any CPU
		{72134702-9CC0-408F-9E07-B4D59C9D7E43}.Debug|Any CPU.Build.0 = Debug|Any CPU
		{72134702-9CC0-408F-9E07-B4D59C9D7E43}.Release|Any CPU.ActiveCfg = Release|Any CPU
		{72134702-9CC0-408F-9E07-B4D59C9D7E43}.Release|Any CPU.Build.0 = Release|Any CPU
		{E7AD4376-D8B1-469D-A2E3-38059A5EB152}.Debug|Any CPU.ActiveCfg = Debug|Any CPU
		{E7AD4376-D8B1-469D-A2E3-38059A5EB152}.Debug|Any CPU.Build.0 = Debug|Any CPU
		{E7AD4376-D8B1-469D-A2E3-38059A5EB152}.Release|Any CPU.ActiveCfg = Release|Any CPU
		{E7AD4376-D8B1-469D-A2E3-38059A5EB152}.Release|Any CPU.Build.0 = Release|Any CPU
		{7EE3B4B1-0BAA-4EB3-BBCB-30BEA09019A3}.Debug|Any CPU.ActiveCfg = Debug|Any CPU
		{7EE3B4B1-0BAA-4EB3-BBCB-30BEA09019A3}.Debug|Any CPU.Build.0 = Debug|Any CPU
		{7EE3B4B1-0BAA-4EB3-BBCB-30BEA09019A3}.Release|Any CPU.ActiveCfg = Release|Any CPU
		{7EE3B4B1-0BAA-4EB3-BBCB-30BEA09019A3}.Release|Any CPU.Build.0 = Release|Any CPU
	EndGlobalSection
	GlobalSection(SolutionProperties) = preSolution
		HideSolutionNode = FALSE
	EndGlobalSection
	GlobalSection(NestedProjects) = preSolution
		{72134702-9CC0-408F-9E07-B4D59C9D7E43} = {7184D694-3B8B-4C4D-BD6E-7EBF73AB9CCA}
		{7EE3B4B1-0BAA-4EB3-BBCB-30BEA09019A3} = {7184D694-3B8B-4C4D-BD6E-7EBF73AB9CCA}
	EndGlobalSection
	GlobalSection(ExtensibilityGlobals) = postSolution
		SolutionGuid = {B0C0D2AD-4006-495A-82B5-46B74FC2DB24}
	EndGlobalSection
EndGlobal
